
Microsoft Visual Studio Solution File, Format Version 12.00
# Visual Studio Version 16
VisualStudioVersion = 16.0.810.16
MinimumVisualStudioVersion = 10.0.40219.1
Project("{FAE04EC0-301F-11D3-BF4B-00C04F79EFBC}") = "AppiumAndroidTest", "AppiumAndroidTest\AppiumAndroidTest.csproj", "{6AB8A2C5-87AB-4ED5-A3F2-7174DBD21493}"
EndProject
Global
	GlobalSection(SolutionConfigurationPlatforms) = preSolution
		Debug|Any CPU = Debug|Any CPU
		Release|Any CPU = Release|Any CPU
	EndGlobalSection
	GlobalSection(ProjectConfigurationPlatforms) = postSolution
		{6AB8A2C5-87AB-4ED5-A3F2-7174DBD21493}.Debug|Any CPU.ActiveCfg = Debug|Any CPU
		{6AB8A2C5-87AB-4ED5-A3F2-7174DBD21493}.Debug|Any CPU.Build.0 = Debug|Any CPU
		{6AB8A2C5-87AB-4ED5-A3F2-7174DBD21493}.Release|Any CPU.ActiveCfg = Release|Any CPU
		{6AB8A2C5-87AB-4ED5-A3F2-7174DBD21493}.Release|Any CPU.Build.0 = Release|Any CPU
	EndGlobalSection
	GlobalSection(SolutionProperties) = preSolution
		HideSolutionNode = FALSE
	EndGlobalSection
	GlobalSection(ExtensibilityGlobals) = postSolution
		SolutionGuid = {C877DEAE-F629-4C91-955F-3138CEFECAD8}
	EndGlobalSection
EndGlobal
